
Microsoft Visual Studio Solution File, Format Version 12.00
# Visual Studio Version 17
VisualStudioVersion = 17.9.34728.123
MinimumVisualStudioVersion = 10.0.40219.1
Project("{FAE04EC0-301F-11D3-BF4B-00C04F79EFBC}") = "ConsoleAppDZ9", "ConsoleAppDZ9.csproj", "{487FA9B7-FA1B-4A1D-8F03-CE40E56F490D}"
EndProject
Global
	GlobalSection(SolutionConfigurationPlatforms) = preSolution
		Debug|Any CPU = Debug|Any CPU
		Release|Any CPU = Release|Any CPU
	EndGlobalSection
	GlobalSection(ProjectConfigurationPlatforms) = postSolution
		{487FA9B7-FA1B-4A1D-8F03-CE40E56F490D}.Debug|Any CPU.ActiveCfg = Debug|Any CPU
		{487FA9B7-FA1B-4A1D-8F03-CE40E56F490D}.Debug|Any CPU.Build.0 = Debug|Any CPU
		{487FA9B7-FA1B-4A1D-8F03-CE40E56F490D}.Release|Any CPU.ActiveCfg = Release|Any CPU
		{487FA9B7-FA1B-4A1D-8F03-CE40E56F490D}.Release|Any CPU.Build.0 = Release|Any CPU
	EndGlobalSection
	GlobalSection(SolutionProperties) = preSolution
		HideSolutionNode = FALSE
	EndGlobalSection
	GlobalSection(ExtensibilityGlobals) = postSolution
		SolutionGuid = {30EA47CE-53A7-491D-9BE7-7E95B25AAD87}
	EndGlobalSection
EndGlobal
